
Microsoft Visual Studio Solution File, Format Version 12.00
# Visual Studio Version 17
VisualStudioVersion = 17.9.34728.123
MinimumVisualStudioVersion = 10.0.40219.1
Project("{FAE04EC0-301F-11D3-BF4B-00C04F79EFBC}") = "WeatherMobile", "WeatherMobile.csproj", "{FE03E504-0285-4ADE-AA7B-DEECA50F4DAF}"
EndProject
Global
	GlobalSection(SolutionConfigurationPlatforms) = preSolution
		Debug|Any CPU = Debug|Any CPU
		Release|Any CPU = Release|Any CPU
	EndGlobalSection
	GlobalSection(ProjectConfigurationPlatforms) = postSolution
		{FE03E504-0285-4ADE-AA7B-DEECA50F4DAF}.Debug|Any CPU.ActiveCfg = Debug|Any CPU
		{FE03E504-0285-4ADE-AA7B-DEECA50F4DAF}.Debug|Any CPU.Build.0 = Debug|Any CPU
		{FE03E504-0285-4ADE-AA7B-DEECA50F4DAF}.Debug|Any CPU.Deploy.0 = Debug|Any CPU
		{FE03E504-0285-4ADE-AA7B-DEECA50F4DAF}.Release|Any CPU.ActiveCfg = Release|Any CPU
		{FE03E504-0285-4ADE-AA7B-DEECA50F4DAF}.Release|Any CPU.Build.0 = Release|Any CPU
		{FE03E504-0285-4ADE-AA7B-DEECA50F4DAF}.Release|Any CPU.Deploy.0 = Release|Any CPU
	EndGlobalSection
	GlobalSection(SolutionProperties) = preSolution
		HideSolutionNode = FALSE
	EndGlobalSection
	GlobalSection(ExtensibilityGlobals) = postSolution
		SolutionGuid = {62F6D580-4F28-4CD8-9C62-74C512C8061B}
	EndGlobalSection
EndGlobal
